
Microsoft Visual Studio Solution File, Format Version 12.00
# Visual Studio Version 17
VisualStudioVersion = 17.6.33815.320
MinimumVisualStudioVersion = 10.0.40219.1
Project("{FAE04EC0-301F-11D3-BF4B-00C04F79EFBC}") = "UserLogin", "UserLogin\UserLogin.csproj", "{B004CCB7-CAD7-4C2B-ABAC-542782A4A4B8}"
EndProject
Project("{FAE04EC0-301F-11D3-BF4B-00C04F79EFBC}") = "SpecFlowProject", "SpecFlowProject\SpecFlowProject.csproj", "{81E5C803-E4F9-428F-BB4E-39B5A785985D}"
EndProject
Global
	GlobalSection(SolutionConfigurationPlatforms) = preSolution
		Debug|Any CPU = Debug|Any CPU
		Release|Any CPU = Release|Any CPU
	EndGlobalSection
	GlobalSection(ProjectConfigurationPlatforms) = postSolution
		{B004CCB7-CAD7-4C2B-ABAC-542782A4A4B8}.Debug|Any CPU.ActiveCfg = Debug|Any CPU
		{B004CCB7-CAD7-4C2B-ABAC-542782A4A4B8}.Debug|Any CPU.Build.0 = Debug|Any CPU
		{B004CCB7-CAD7-4C2B-ABAC-542782A4A4B8}.Release|Any CPU.ActiveCfg = Release|Any CPU
		{B004CCB7-CAD7-4C2B-ABAC-542782A4A4B8}.Release|Any CPU.Build.0 = Release|Any CPU
		{81E5C803-E4F9-428F-BB4E-39B5A785985D}.Debug|Any CPU.ActiveCfg = Debug|Any CPU
		{81E5C803-E4F9-428F-BB4E-39B5A785985D}.Debug|Any CPU.Build.0 = Debug|Any CPU
		{81E5C803-E4F9-428F-BB4E-39B5A785985D}.Release|Any CPU.ActiveCfg = Release|Any CPU
		{81E5C803-E4F9-428F-BB4E-39B5A785985D}.Release|Any CPU.Build.0 = Release|Any CPU
	EndGlobalSection
	GlobalSection(SolutionProperties) = preSolution
		HideSolutionNode = FALSE
	EndGlobalSection
	GlobalSection(ExtensibilityGlobals) = postSolution
		SolutionGuid = {4ACF07A0-4FF4-4CC6-BEE1-39C7194F4B52}
	EndGlobalSection
EndGlobal
